
Microsoft Visual Studio Solution File, Format Version 12.00
# Visual Studio Version 17
VisualStudioVersion = 17.0.31903.59
MinimumVisualStudioVersion = 10.0.40219.1
Project("{FAE04EC0-301F-11D3-BF4B-00C04F79EFBC}") = "FITApp.Auth", "FITApp.Auth\FITApp.Auth.csproj", "{E7DBFEBB-C96D-46C1-BA7A-C4F1D71C2093}"
EndProject
Project("{FAE04EC0-301F-11D3-BF4B-00C04F79EFBC}") = "FITApp.IdentityService", "FITApp.IdentityService\FITApp.IdentityService.csproj", "{A8DFD473-70F1-4E60-AC64-85DBA7F835CC}"
EndProject
Project("{FAE04EC0-301F-11D3-BF4B-00C04F79EFBC}") = "FITApp.Gateway", "FITApp.Gateway\FITApp.Gateway.csproj", "{BFFB22F0-E4B2-4B26-8B88-166DAAA34BEC}"
EndProject
Project("{FAE04EC0-301F-11D3-BF4B-00C04F79EFBC}") = "FITApp.EmployeesService", "FITApp.EmployeesService\FITApp.EmployeesService.csproj", "{7121DA5F-0DD4-470B-AA5A-B66951C72D5D}"
EndProject
Project("{FAE04EC0-301F-11D3-BF4B-00C04F79EFBC}") = "FITApp.PublicationsService", "FITApp.PublicationsService\FITApp.PublicationsService.csproj", "{1CAD6E0D-CA30-4BBD-A731-C60F9861800D}"
EndProject
Global
	GlobalSection(SolutionConfigurationPlatforms) = preSolution
		Debug|Any CPU = Debug|Any CPU
		Release|Any CPU = Release|Any CPU
	EndGlobalSection
	GlobalSection(SolutionProperties) = preSolution
		HideSolutionNode = FALSE
	EndGlobalSection
	GlobalSection(ProjectConfigurationPlatforms) = postSolution
		{E7DBFEBB-C96D-46C1-BA7A-C4F1D71C2093}.Debug|Any CPU.ActiveCfg = Debug|Any CPU
		{E7DBFEBB-C96D-46C1-BA7A-C4F1D71C2093}.Debug|Any CPU.Build.0 = Debug|Any CPU
		{E7DBFEBB-C96D-46C1-BA7A-C4F1D71C2093}.Release|Any CPU.ActiveCfg = Release|Any CPU
		{E7DBFEBB-C96D-46C1-BA7A-C4F1D71C2093}.Release|Any CPU.Build.0 = Release|Any CPU
		{A8DFD473-70F1-4E60-AC64-85DBA7F835CC}.Debug|Any CPU.ActiveCfg = Debug|Any CPU
		{A8DFD473-70F1-4E60-AC64-85DBA7F835CC}.Debug|Any CPU.Build.0 = Debug|Any CPU
		{A8DFD473-70F1-4E60-AC64-85DBA7F835CC}.Release|Any CPU.ActiveCfg = Release|Any CPU
		{A8DFD473-70F1-4E60-AC64-85DBA7F835CC}.Release|Any CPU.Build.0 = Release|Any CPU
		{BFFB22F0-E4B2-4B26-8B88-166DAAA34BEC}.Debug|Any CPU.ActiveCfg = Debug|Any CPU
		{BFFB22F0-E4B2-4B26-8B88-166DAAA34BEC}.Debug|Any CPU.Build.0 = Debug|Any CPU
		{BFFB22F0-E4B2-4B26-8B88-166DAAA34BEC}.Release|Any CPU.ActiveCfg = Release|Any CPU
		{BFFB22F0-E4B2-4B26-8B88-166DAAA34BEC}.Release|Any CPU.Build.0 = Release|Any CPU
		{7121DA5F-0DD4-470B-AA5A-B66951C72D5D}.Debug|Any CPU.ActiveCfg = Debug|Any CPU
		{7121DA5F-0DD4-470B-AA5A-B66951C72D5D}.Debug|Any CPU.Build.0 = Debug|Any CPU
		{7121DA5F-0DD4-470B-AA5A-B66951C72D5D}.Release|Any CPU.ActiveCfg = Release|Any CPU
		{7121DA5F-0DD4-470B-AA5A-B66951C72D5D}.Release|Any CPU.Build.0 = Release|Any CPU
		{1CAD6E0D-CA30-4BBD-A731-C60F9861800D}.Debug|Any CPU.ActiveCfg = Debug|Any CPU
		{1CAD6E0D-CA30-4BBD-A731-C60F9861800D}.Debug|Any CPU.Build.0 = Debug|Any CPU
		{1CAD6E0D-CA30-4BBD-A731-C60F9861800D}.Release|Any CPU.ActiveCfg = Release|Any CPU
		{1CAD6E0D-CA30-4BBD-A731-C60F9861800D}.Release|Any CPU.Build.0 = Release|Any CPU
	EndGlobalSection
EndGlobal
